// !$*UTF8*$!
{
	archiveVersion = 1;
	classes = {
	};
	objectVersion = 50;
	objects = {

/* Begin PBXBuildFile section */
		AD88849420793A7800C29205 /* AppDelegate.swift in Sources */ = {isa = PBXBuildFile; fileRef = AD88849320793A7800C29205 /* AppDelegate.swift */; };
		AD88849620793A7800C29205 /* ViewController.swift in Sources */ = {isa = PBXBuildFile; fileRef = AD88849520793A7800C29205 /* ViewController.swift */; };
		AD88849920793A7800C29205 /* Main.storyboard in Resources */ = {isa = PBXBuildFile; fileRef = AD88849720793A7800C29205 /* Main.storyboard */; };
		AD88849B20793A7C00C29205 /* Assets.xcassets in Resources */ = {isa = PBXBuildFile; fileRef = AD88849A20793A7C00C29205 /* Assets.xcassets */; };
		AD88849E20793A7C00C29205 /* LaunchScreen.storyboard in Resources */ = {isa = PBXBuildFile; fileRef = AD88849C20793A7C00C29205 /* LaunchScreen.storyboard */; };
		AD8884A620793AF000C29205 /* Impact.swift in Sources */ = {isa = PBXBuildFile; fileRef = AD8884A520793AF000C29205 /* Impact.swift */; };
		AD8884A820793AF700C29205 /* InteractiveView.swift in Sources */ = {isa = PBXBuildFile; fileRef = AD8884A720793AF700C29205 /* InteractiveView.swift */; };
/* End PBXBuildFile section */

/* Begin PBXFileReference section */
		AD88849020793A7800C29205 /* UIVisualizer.app */ = {isa = PBXFileReference; explicitFileType = wrapper.application; includeInIndex = 0; path = UIVisualizer.app; sourceTree = BUILT_PRODUCTS_DIR; };
		AD88849320793A7800C29205 /* AppDelegate.swift */ = {isa = PBXFileReference; lastKnownFileType = sourcecode.swift; path = AppDelegate.swift; sourceTree = "<group>"; };
		AD88849520793A7800C29205 /* ViewController.swift */ = {isa = PBXFileReference; lastKnownFileType = sourcecode.swift; path = ViewController.swift; sourceTree = "<group>"; };
		AD88849820793A7800C29205 /* Base */ = {isa = PBXFileReference; lastKnownFileType = file.storyboard; name = Base; path = Base.lproj/Main.storyboard; sourceTree = "<group>"; };
		AD88849A20793A7C00C29205 /* Assets.xcassets */ = {isa = PBXFileReference; lastKnownFileType = folder.assetcatalog; path = Assets.xcassets; sourceTree = "<group>"; };
		AD88849D20793A7C00C29205 /* Base */ = {isa = PBXFileReference; lastKnownFileType = file.storyboard; name = Base; path = Base.lproj/LaunchScreen.storyboard; sourceTree = "<group>"; };
		AD88849F20793A7C00C29205 /* Info.plist */ = {isa = PBXFileReference; lastKnownFileType = text.plist.xml; path = Info.plist; sourceTree = "<group>"; };
		AD8884A520793AF000C29205 /* Impact.swift */ = {isa = PBXFileReference; fileEncoding = 4; lastKnownFileType = sourcecode.swift; path = Impact.swift; sourceTree = "<group>"; };
		AD8884A720793AF700C29205 /* InteractiveView.swift */ = {isa = PBXFileReference; fileEncoding = 4; lastKnownFileType = sourcecode.swift; path = InteractiveView.swift; sourceTree = "<group>"; };
/* End PBXFileReference section */

/* Begin PBXFrameworksBuildPhase section */
		AD88848D20793A7800C29205 /* Frameworks */ = {
			isa = PBXFrameworksBuildPhase;
			buildActionMask = 2147483647;
			files = (
			);
			runOnlyForDeploymentPostprocessing = 0;
		};
/* End PBXFrameworksBuildPhase section */

/* Begin PBXGroup section */
		AD88848720793A7800C29205 = {
			isa = PBXGroup;
			children = (
				AD88849220793A7800C29205 /* UIVisualizer */,
				AD88849120793A7800C29205 /* Products */,
			);
			sourceTree = "<group>";
		};
		AD88849120793A7800C29205 /* Products */ = {
			isa = PBXGroup;
			children = (
				AD88849020793A7800C29205 /* UIVisualizer.app */,
			);
			name = Products;
			sourceTree = "<group>";
		};
		AD88849220793A7800C29205 /* UIVisualizer */ = {
			isa = PBXGroup;
			children = (
				AD88849320793A7800C29205 /* AppDelegate.swift */,
				AD88849520793A7800C29205 /* ViewController.swift */,
				AD8884A720793AF700C29205 /* InteractiveView.swift */,
				AD8884A520793AF000C29205 /* Impact.swift */,
				AD88849720793A7800C29205 /* Main.storyboard */,
				AD88849A20793A7C00C29205 /* Assets.xcassets */,
				AD88849C20793A7C00C29205 /* LaunchScreen.storyboard */,
				AD88849F20793A7C00C29205 /* Info.plist */,
			);
			path = UIVisualizer;
			sourceTree = "<group>";
		};
/* End PBXGroup section */

/* Begin PBXNativeTarget section */
		AD88848F20793A7800C29205 /* UIVisualizer */ = {
			isa = PBXNativeTarget;
			buildConfigurationList = AD8884A220793A7C00C29205 /* Build configuration list for PBXNativeTarget "UIVisualizer" */;
			buildPhases = (
				AD88848C20793A7800C29205 /* Sources */,
				AD88848D20793A7800C29205 /* Frameworks */,
				AD88848E20793A7800C29205 /* Resources */,
			);
			buildRules = (
			);
			dependencies = (
			);
			name = UIVisualizer;
			productName = UIVisualizer;
			productReference = AD88849020793A7800C29205 /* UIVisualizer.app */;
			productType = "com.apple.product-type.application";
		};
/* End PBXNativeTarget section */

/* Begin PBXProject section */
		AD88848820793A7800C29205 /* Project object */ = {
			isa = PBXProject;
			attributes = {
				LastSwiftUpdateCheck = 0930;
				LastUpgradeCheck = 0930;
				ORGANIZATIONNAME = "Michael Edenzon";
				TargetAttributes = {
					AD88848F20793A7800C29205 = {
						CreatedOnToolsVersion = 9.3;
					};
				};
			};
			buildConfigurationList = AD88848B20793A7800C29205 /* Build configuration list for PBXProject "UIVisualizer" */;
			compatibilityVersion = "Xcode 9.3";
			developmentRegion = en;
			hasScannedForEncodings = 0;
			knownRegions = (
				en,
				Base,
			);
			mainGroup = AD88848720793A7800C29205;
			productRefGroup = AD88849120793A7800C29205 /* Products */;
			projectDirPath = "";
			projectRoot = "";
			targets = (
				AD88848F20793A7800C29205 /* UIVisualizer */,
			);
		};
/* End PBXProject section */

/* Begin PBXResourcesBuildPhase section */
		AD88848E20793A7800C29205 /* Resources */ = {
			isa = PBXResourcesBuildPhase;
			buildActionMask = 2147483647;
			files = (
				AD88849E20793A7C00C29205 /* LaunchScreen.storyboard in Resources */,
				AD88849B20793A7C00C29205 /* Assets.xcassets in Resources */,
				AD88849920793A7800C29205 /* Main.storyboard in Resources */,
			);
			runOnlyForDeploymentPostprocessing = 0;
		};
/* End PBXResourcesBuildPhase section */

/* Begin PBXSourcesBuildPhase section */
		AD88848C20793A7800C29205 /* Sources */ = {
			isa = PBXSourcesBuildPhase;
			buildActionMask = 2147483647;
			files = (
				AD8884A620793AF000C29205 /* Impact.swift in Sources */,
				AD8884A820793AF700C29205 /* InteractiveView.swift in Sources */,
				AD88849620793A7800C29205 /* ViewController.swift in Sources */,
				AD88849420793A7800C29205 /* AppDelegate.swift in Sources */,
			);
			runOnlyForDeploymentPostprocessing = 0;
		};
/* End PBXSourcesBuildPhase section */

/* Begin PBXVariantGroup section */
		AD88849720793A7800C29205 /* Main.storyboard */ = {
			isa = PBXVariantGroup;
			children = (
				AD88849820793A7800C29205 /* Base */,
			);
			name = Main.storyboard;
			sourceTree = "<group>";
		};
		AD88849C20793A7C00C29205 /* LaunchScreen.storyboard */ = {
			isa = PBXVariantGroup;
			children = (
				AD88849D20793A7C00C29205 /* Base */,
			);
			name = LaunchScreen.storyboard;
			sourceTree = "<group>";
		};
/* End PBXVariantGroup section */

/* Begin XCBuildConfiguration section */
		AD8884A020793A7C00C29205 /* Debug */ = {
			isa = XCBuildConfiguration;
			buildSettings = {
				ALWAYS_SEARCH_USER_PATHS = NO;
				CLANG_ANALYZER_NONNULL = YES;
				CLANG_ANALYZER_NUMBER_OBJECT_CONVERSION = YES_AGGRESSIVE;
				CLANG_CXX_LANGUAGE_STANDARD = "gnu++14";
				CLANG_CXX_LIBRARY = "libc++";
				CLANG_ENABLE_MODULES = YES;
				CLANG_ENABLE_OBJC_ARC = YES;
				CLANG_ENABLE_OBJC_WEAK = YES;
				CLANG_WARN_BLOCK_CAPTURE_AUTORELEASING = YES;
				CLANG_WARN_BOOL_CONVERSION = YES;
				CLANG_WARN_COMMA = YES;
				CLANG_WARN_CONSTANT_CONVERSION = YES;
				CLANG_WARN_DEPRECATED_OBJC_IMPLEMENTATIONS = YES;
				CLANG_WARN_DIRECT_OBJC_ISA_USAGE = YES_ERROR;
				CLANG_WARN_DOCUMENTATION_COMMENTS = YES;
				CLANG_WARN_EMPTY_BODY = YES;
				CLANG_WARN_ENUM_CONVERSION = YES;
				CLANG_WARN_INFINITE_RECURSION = YES;
				CLANG_WARN_INT_CONVERSION = YES;
				CLANG_WARN_NON_LITERAL_NULL_CONVERSION = YES;
				CLANG_WARN_OBJC_IMPLICIT_RETAIN_SELF = YES;
				CLANG_WARN_OBJC_LITERAL_CONVERSION = YES;
				CLANG_WARN_OBJC_ROOT_CLASS = YES_ERROR;
				CLANG_WARN_RANGE_LOOP_ANALYSIS = YES;
				CLANG_WARN_STRICT_PROTOTYPES = YES;
				CLANG_WARN_SUSPICIOUS_MOVE = YES;
				CLANG_WARN_UNGUARDED_AVAILABILITY = YES_AGGRESSIVE;
				CLANG_WARN_UNREACHABLE_CODE = YES;
				CLANG_WARN__DUPLICATE_METHOD_MATCH = YES;
				CODE_SIGN_IDENTITY = "iPhone Developer";
				COPY_PHASE_STRIP = NO;
				DEBUG_INFORMATION_FORMAT = dwarf;
				ENABLE_STRICT_OBJC_MSGSEND = YES;
				ENABLE_TESTABILITY = YES;
				GCC_C_LANGUAGE_STANDARD = gnu11;
				GCC_DYNAMIC_NO_PIC = NO;
				GCC_NO_COMMON_BLOCKS = YES;
				GCC_OPTIMIZATION_LEVEL = 0;
				GCC_PREPROCESSOR_DEFINITIONS = (
					"DEBUG=1",
					"$(inherited)",
				);
				GCC_WARN_64_TO_32_BIT_CONVERSION = YES;
				GCC_WARN_ABOUT_RETURN_TYPE = YES_ERROR;
				GCC_WARN_UNDECLARED_SELECTOR = YES;
				GCC_WARN_UNINITIALIZED_AUTOS = YES_AGGRESSIVE;
				GCC_WARN_UNUSED_FUNCTION = YES;
				GCC_WARN_UNUSED_VARIABLE = YES;
				IPHONEOS_DEPLOYMENT_TARGET = 11.3;
				MTL_ENABLE_DEBUG_INFO = YES;
				ONLY_ACTIVE_ARCH = YES;
				SDKROOT = iphoneos;
				SWIFT_ACTIVE_COMPILATION_CONDITIONS = DEBUG;
				SWIFT_OPTIMIZATION_LEVEL = "-Onone";
			};
			name = Debug;
		};
		AD8884A120793A7C00C29205 /* Release */ = {
			isa = XCBuildConfiguration;
			buildSettings = {
				ALWAYS_SEARCH_USER_PATHS = NO;
				CLANG_ANALYZER_NONNULL = YES;
				CLANG_ANALYZER_NUMBER_OBJECT_CONVERSION = YES_AGGRESSIVE;
				CLANG_CXX_LANGUAGE_STANDARD = "gnu++14";
				CLANG_CXX_LIBRARY = "libc++";
				CLANG_ENABLE_MODULES = YES;
				CLANG_ENABLE_OBJC_ARC = YES;
				CLANG_ENABLE_OBJC_WEAK = YES;
				CLANG_WARN_BLOCK_CAPTURE_AUTORELEASING = YES;
				CLANG_WARN_BOOL_CONVERSION = YES;
				CLANG_WARN_COMMA = YES;
				CLANG_WARN_CONSTANT_CONVERSION = YES;
				CLANG_WARN_DEPRECATED_OBJC_IMPLEMENTATIONS = YES;
				CLANG_WARN_DIRECT_OBJC_ISA_USAGE = YES_ERROR;
				CLANG_WARN_DOCUMENTATION_COMMENTS = YES;
				CLANG_WARN_EMPTY_BODY = YES;
				CLANG_WARN_ENUM_CONVERSION = YES;
				CLANG_WARN_INFINITE_RECURSION = YES;
				CLANG_WARN_INT_CONVERSION = YES;
				CLANG_WARN_NON_LITERAL_NULL_CONVERSION = YES;
				CLANG_WARN_OBJC_IMPLICIT_RETAIN_SELF = YES;
				CLANG_WARN_OBJC_LITERAL_CONVERSION = YES;
				CLANG_WARN_OBJC_ROOT_CLASS = YES_ERROR;
				CLANG_WARN_RANGE_LOOP_ANALYSIS = YES;
				CLANG_WARN_STRICT_PROTOTYPES = YES;
				CLANG_WARN_SUSPICIOUS_MOVE = YES;
				CLANG_WARN_UNGUARDED_AVAILABILITY = YES_AGGRESSIVE;
				CLANG_WARN_UNREACHABLE_CODE = YES;
				CLANG_WARN__DUPLICATE_METHOD_MATCH = YES;
				CODE_SIGN_IDENTITY = "iPhone Developer";
				COPY_PHASE_STRIP = NO;
				DEBUG_INFORMATION_FORMAT = "dwarf-with-dsym";
				ENABLE_NS_ASSERTIONS = NO;
				ENABLE_STRICT_OBJC_MSGSEND = YES;
				GCC_C_LANGUAGE_STANDARD = gnu11;
				GCC_NO_COMMON_BLOCKS = YES;
				GCC_WARN_64_TO_32_BIT_CONVERSION = YES;
				GCC_WARN_ABOUT_RETURN_TYPE = YES_ERROR;
				GCC_WARN_UNDECLARED_SELECTOR = YES;
				GCC_WARN_UNINITIALIZED_AUTOS = YES_AGGRESSIVE;
				GCC_WARN_UNUSED_FUNCTION = YES;
				GCC_WARN_UNUSED_VARIABLE = YES;
				IPHONEOS_DEPLOYMENT_TARGET = 11.3;
				MTL_ENABLE_DEBUG_INFO = NO;
				SDKROOT = iphoneos;
				SWIFT_COMPILATION_MODE = wholemodule;
				SWIFT_OPTIMIZATION_LEVEL = "-O";
				VALIDATE_PRODUCT = YES;
			};
			name = Release;
		};
		AD8884A320793A7C00C29205 /* Debug */ = {
			isa = XCBuildConfiguration;
			buildSettings = {
				ASSETCATALOG_COMPILER_APPICON_NAME = AppIcon;
				CODE_SIGN_STYLE = Automatic;
				DEVELOPMENT_TEAM = 5HPXGDUGWR;
				INFOPLIST_FILE = UIVisualizer/Info.plist;
				LD_RUNPATH_SEARCH_PATHS = (
					"$(inherited)",
					"@executable_path/Frameworks",
				);
				PRODUCT_BUNDLE_IDENTIFIER = michaeledenzon.UIVisualizer;
				PRODUCT_NAME = "$(TARGET_NAME)";
				SWIFT_VERSION = 4.0;
				TARGETED_DEVICE_FAMILY = "1,2";
			};
			name = Debug;
		};
		AD8884A420793A7C00C29205 /* Release */ = {
			isa = XCBuildConfiguration;
			buildSettings = {
				ASSETCATALOG_COMPILER_APPICON_NAME = AppIcon;
				CODE_SIGN_STYLE = Automatic;
				DEVELOPMENT_TEAM = 5HPXGDUGWR;
				INFOPLIST_FILE = UIVisualizer/Info.plist;
				LD_RUNPATH_SEARCH_PATHS = (
					"$(inherited)",
					"@executable_path/Frameworks",
				);
				PRODUCT_BUNDLE_IDENTIFIER = michaeledenzon.UIVisualizer;
				PRODUCT_NAME = "$(TARGET_NAME)";
				SWIFT_VERSION = 4.0;
				TARGETED_DEVICE_FAMILY = "1,2";
			};
			name = Release;
		};
/* End XCBuildConfiguration section */

/* Begin XCConfigurationList section */
		AD88848B20793A7800C29205 /* Build configuration list for PBXProject "UIVisualizer" */ = {
			isa = XCConfigurationList;
			buildConfigurations = (
				AD8884A020793A7C00C29205 /* Debug */,
				AD8884A120793A7C00C29205 /* Release */,
			);
			defaultConfigurationIsVisible = 0;
			defaultConfigurationName = Release;
		};
		AD8884A220793A7C00C29205 /* Build configuration list for PBXNativeTarget "UIVisualizer" */ = {
			isa = XCConfigurationList;
			buildConfigurations = (
				AD8884A320793A7C00C29205 /* Debug */,
				AD8884A420793A7C00C29205 /* Release */,
			);
			defaultConfigurationIsVisible = 0;
			defaultConfigurationName = Release;
		};
/* End XCConfigurationList section */
	};
	rootObject = AD88848820793A7800C29205 /* Project object */;
}
